
Microsoft Visual Studio Solution File, Format Version 12.00
# Visual Studio Version 17
VisualStudioVersion = 17.3.32929.385
MinimumVisualStudioVersion = 10.0.40219.1
Project("{FAE04EC0-301F-11D3-BF4B-00C04F79EFBC}") = "task1", "task1\task1.csproj", "{FE45476A-EA69-4EF5-91F3-393A22956302}"
EndProject
Global
	GlobalSection(SolutionConfigurationPlatforms) = preSolution
		Debug|Any CPU = Debug|Any CPU
		Release|Any CPU = Release|Any CPU
	EndGlobalSection
	GlobalSection(ProjectConfigurationPlatforms) = postSolution
		{FE45476A-EA69-4EF5-91F3-393A22956302}.Debug|Any CPU.ActiveCfg = Debug|Any CPU
		{FE45476A-EA69-4EF5-91F3-393A22956302}.Debug|Any CPU.Build.0 = Debug|Any CPU
		{FE45476A-EA69-4EF5-91F3-393A22956302}.Release|Any CPU.ActiveCfg = Release|Any CPU
		{FE45476A-EA69-4EF5-91F3-393A22956302}.Release|Any CPU.Build.0 = Release|Any CPU
	EndGlobalSection
	GlobalSection(SolutionProperties) = preSolution
		HideSolutionNode = FALSE
	EndGlobalSection
	GlobalSection(ExtensibilityGlobals) = postSolution
		SolutionGuid = {FA42ADB0-739E-4F3B-B938-5A54A0D86D42}
	EndGlobalSection
EndGlobal
